
Microsoft Visual Studio Solution File, Format Version 12.00
# Visual Studio Version 17
VisualStudioVersion = 17.1.32210.238
MinimumVisualStudioVersion = 10.0.40219.1
Project("{FAE04EC0-301F-11D3-BF4B-00C04F79EFBC}") = "ProjectPOMframework", "ProjectPOMframework\ProjectPOMframework.csproj", "{60ECC855-97D7-40B6-99DB-81F3402E8EE7}"
EndProject
Project("{FAE04EC0-301F-11D3-BF4B-00C04F79EFBC}") = "ProjectUtilitiesframework", "ProjectUtilitiesframework\ProjectUtilitiesframework.csproj", "{9C81A24A-DCFF-4875-89A8-49E8DB37064C}"
EndProject
Project("{FAE04EC0-301F-11D3-BF4B-00C04F79EFBC}") = "ProjectBDDTestframeWork", "ProjectBDDTestframeWork\ProjectBDDTestframeWork.csproj", "{E160F1CC-EA27-4511-B3D8-64B7C439D7A7}"
EndProject
Global
	GlobalSection(SolutionConfigurationPlatforms) = preSolution
		Debug|Any CPU = Debug|Any CPU
		Release|Any CPU = Release|Any CPU
	EndGlobalSection
	GlobalSection(ProjectConfigurationPlatforms) = postSolution
		{60ECC855-97D7-40B6-99DB-81F3402E8EE7}.Debug|Any CPU.ActiveCfg = Debug|Any CPU
		{60ECC855-97D7-40B6-99DB-81F3402E8EE7}.Debug|Any CPU.Build.0 = Debug|Any CPU
		{60ECC855-97D7-40B6-99DB-81F3402E8EE7}.Release|Any CPU.ActiveCfg = Release|Any CPU
		{60ECC855-97D7-40B6-99DB-81F3402E8EE7}.Release|Any CPU.Build.0 = Release|Any CPU
		{9C81A24A-DCFF-4875-89A8-49E8DB37064C}.Debug|Any CPU.ActiveCfg = Debug|Any CPU
		{9C81A24A-DCFF-4875-89A8-49E8DB37064C}.Debug|Any CPU.Build.0 = Debug|Any CPU
		{9C81A24A-DCFF-4875-89A8-49E8DB37064C}.Release|Any CPU.ActiveCfg = Release|Any CPU
		{9C81A24A-DCFF-4875-89A8-49E8DB37064C}.Release|Any CPU.Build.0 = Release|Any CPU
		{E160F1CC-EA27-4511-B3D8-64B7C439D7A7}.Debug|Any CPU.ActiveCfg = Debug|Any CPU
		{E160F1CC-EA27-4511-B3D8-64B7C439D7A7}.Debug|Any CPU.Build.0 = Debug|Any CPU
		{E160F1CC-EA27-4511-B3D8-64B7C439D7A7}.Release|Any CPU.ActiveCfg = Release|Any CPU
		{E160F1CC-EA27-4511-B3D8-64B7C439D7A7}.Release|Any CPU.Build.0 = Release|Any CPU
	EndGlobalSection
	GlobalSection(SolutionProperties) = preSolution
		HideSolutionNode = FALSE
	EndGlobalSection
	GlobalSection(ExtensibilityGlobals) = postSolution
		SolutionGuid = {1CC1CB43-426D-4768-9246-5E300DDFD261}
	EndGlobalSection
EndGlobal
